
Microsoft Visual Studio Solution File, Format Version 12.00
# Visual Studio Version 17
VisualStudioVersion = 17.11.35312.102
MinimumVisualStudioVersion = 10.0.40219.1
Project("{9A19103F-16F7-4668-BE54-9A1E7A4F7556}") = "WebApp1", "WebApp1\WebApp1.csproj", "{AE6E82ED-9D06-430C-A814-6CF56347E983}"
EndProject
Project("{9A19103F-16F7-4668-BE54-9A1E7A4F7556}") = "WebApp2", "WebApp2\WebApp2.csproj", "{5F742715-3418-4F52-9077-259797031A49}"
EndProject
Project("{9A19103F-16F7-4668-BE54-9A1E7A4F7556}") = "WebApp3-Razor", "WebApp3-Razor\WebApp3-Razor.csproj", "{472D9F50-3E8E-4362-A548-8A00FBE63E63}"
EndProject
Project("{9A19103F-16F7-4668-BE54-9A1E7A4F7556}") = "WebApp4-mvc", "WebApp4-mvc\WebApp4-mvc.csproj", "{D5328495-1ABD-4B0F-AF73-4E6BFD316B89}"
EndProject
Project("{9A19103F-16F7-4668-BE54-9A1E7A4F7556}") = "WebApp5-controllers", "WebApp5-controllers\WebApp5-controllers.csproj", "{46ECF19D-3F83-4351-93E2-07DF2CF38F45}"
EndProject
Project("{9A19103F-16F7-4668-BE54-9A1E7A4F7556}") = "WebApp6-mvc", "WebApp6-mvc\WebApp6-mvc.csproj", "{A4775C25-0559-4944-8296-9860CC1C75F0}"
EndProject
Project("{9A19103F-16F7-4668-BE54-9A1E7A4F7556}") = "WebApp7-models", "WebApp7-models\WebApp7-models.csproj", "{82BEE7F6-BB59-48F6-B341-DD9FA329F556}"
EndProject
Global
	GlobalSection(SolutionConfigurationPlatforms) = preSolution
		Debug|Any CPU = Debug|Any CPU
		Release|Any CPU = Release|Any CPU
	EndGlobalSection
	GlobalSection(ProjectConfigurationPlatforms) = postSolution
		{AE6E82ED-9D06-430C-A814-6CF56347E983}.Debug|Any CPU.ActiveCfg = Debug|Any CPU
		{AE6E82ED-9D06-430C-A814-6CF56347E983}.Debug|Any CPU.Build.0 = Debug|Any CPU
		{AE6E82ED-9D06-430C-A814-6CF56347E983}.Release|Any CPU.ActiveCfg = Release|Any CPU
		{AE6E82ED-9D06-430C-A814-6CF56347E983}.Release|Any CPU.Build.0 = Release|Any CPU
		{5F742715-3418-4F52-9077-259797031A49}.Debug|Any CPU.ActiveCfg = Debug|Any CPU
		{5F742715-3418-4F52-9077-259797031A49}.Debug|Any CPU.Build.0 = Debug|Any CPU
		{5F742715-3418-4F52-9077-259797031A49}.Release|Any CPU.ActiveCfg = Release|Any CPU
		{5F742715-3418-4F52-9077-259797031A49}.Release|Any CPU.Build.0 = Release|Any CPU
		{472D9F50-3E8E-4362-A548-8A00FBE63E63}.Debug|Any CPU.ActiveCfg = Debug|Any CPU
		{472D9F50-3E8E-4362-A548-8A00FBE63E63}.Debug|Any CPU.Build.0 = Debug|Any CPU
		{472D9F50-3E8E-4362-A548-8A00FBE63E63}.Release|Any CPU.ActiveCfg = Release|Any CPU
		{472D9F50-3E8E-4362-A548-8A00FBE63E63}.Release|Any CPU.Build.0 = Release|Any CPU
		{D5328495-1ABD-4B0F-AF73-4E6BFD316B89}.Debug|Any CPU.ActiveCfg = Debug|Any CPU
		{D5328495-1ABD-4B0F-AF73-4E6BFD316B89}.Debug|Any CPU.Build.0 = Debug|Any CPU
		{D5328495-1ABD-4B0F-AF73-4E6BFD316B89}.Release|Any CPU.ActiveCfg = Release|Any CPU
		{D5328495-1ABD-4B0F-AF73-4E6BFD316B89}.Release|Any CPU.Build.0 = Release|Any CPU
		{46ECF19D-3F83-4351-93E2-07DF2CF38F45}.Debug|Any CPU.ActiveCfg = Debug|Any CPU
		{46ECF19D-3F83-4351-93E2-07DF2CF38F45}.Debug|Any CPU.Build.0 = Debug|Any CPU
		{46ECF19D-3F83-4351-93E2-07DF2CF38F45}.Release|Any CPU.ActiveCfg = Release|Any CPU
		{46ECF19D-3F83-4351-93E2-07DF2CF38F45}.Release|Any CPU.Build.0 = Release|Any CPU
		{A4775C25-0559-4944-8296-9860CC1C75F0}.Debug|Any CPU.ActiveCfg = Debug|Any CPU
		{A4775C25-0559-4944-8296-9860CC1C75F0}.Debug|Any CPU.Build.0 = Debug|Any CPU
		{A4775C25-0559-4944-8296-9860CC1C75F0}.Release|Any CPU.ActiveCfg = Release|Any CPU
		{A4775C25-0559-4944-8296-9860CC1C75F0}.Release|Any CPU.Build.0 = Release|Any CPU
		{82BEE7F6-BB59-48F6-B341-DD9FA329F556}.Debug|Any CPU.ActiveCfg = Debug|Any CPU
		{82BEE7F6-BB59-48F6-B341-DD9FA329F556}.Debug|Any CPU.Build.0 = Debug|Any CPU
		{82BEE7F6-BB59-48F6-B341-DD9FA329F556}.Release|Any CPU.ActiveCfg = Release|Any CPU
		{82BEE7F6-BB59-48F6-B341-DD9FA329F556}.Release|Any CPU.Build.0 = Release|Any CPU
	EndGlobalSection
	GlobalSection(SolutionProperties) = preSolution
		HideSolutionNode = FALSE
	EndGlobalSection
	GlobalSection(ExtensibilityGlobals) = postSolution
		SolutionGuid = {6644AB68-6E6A-45E5-A35E-36ED05EA7FC2}
	EndGlobalSection
EndGlobal
